
Microsoft Visual Studio Solution File, Format Version 12.00
# Visual Studio 15
VisualStudioVersion = 15.0.26730.3
MinimumVisualStudioVersion = 10.0.40219.1
Project("{FAE04EC0-301F-11D3-BF4B-00C04F79EFBC}") = "SwitchCalculatorDemo", "RefactorSwitchDemo\SwitchCalculatorDemo.csproj", "{748FB7A5-80CD-4DA1-A354-4CA550B6E864}"
EndProject
Project("{FAE04EC0-301F-11D3-BF4B-00C04F79EFBC}") = "RefactorSwitchCalculatorDemo", "RefactorSwitchCalculatorDemo\RefactorSwitchCalculatorDemo.csproj", "{D83F681C-9F0F-497C-8CFE-C87E0AD5A0AA}"
EndProject
Global
	GlobalSection(SolutionConfigurationPlatforms) = preSolution
		Debug|Any CPU = Debug|Any CPU
		Release|Any CPU = Release|Any CPU
	EndGlobalSection
	GlobalSection(ProjectConfigurationPlatforms) = postSolution
		{748FB7A5-80CD-4DA1-A354-4CA550B6E864}.Debug|Any CPU.ActiveCfg = Debug|Any CPU
		{748FB7A5-80CD-4DA1-A354-4CA550B6E864}.Debug|Any CPU.Build.0 = Debug|Any CPU
		{748FB7A5-80CD-4DA1-A354-4CA550B6E864}.Release|Any CPU.ActiveCfg = Release|Any CPU
		{748FB7A5-80CD-4DA1-A354-4CA550B6E864}.Release|Any CPU.Build.0 = Release|Any CPU
		{D83F681C-9F0F-497C-8CFE-C87E0AD5A0AA}.Debug|Any CPU.ActiveCfg = Debug|Any CPU
		{D83F681C-9F0F-497C-8CFE-C87E0AD5A0AA}.Debug|Any CPU.Build.0 = Debug|Any CPU
		{D83F681C-9F0F-497C-8CFE-C87E0AD5A0AA}.Release|Any CPU.ActiveCfg = Release|Any CPU
		{D83F681C-9F0F-497C-8CFE-C87E0AD5A0AA}.Release|Any CPU.Build.0 = Release|Any CPU
	EndGlobalSection
	GlobalSection(SolutionProperties) = preSolution
		HideSolutionNode = FALSE
	EndGlobalSection
	GlobalSection(ExtensibilityGlobals) = postSolution
		SolutionGuid = {917D5881-9CD6-4BF4-8EB2-219DDC99338D}
	EndGlobalSection
EndGlobal
